
Microsoft Visual Studio Solution File, Format Version 12.00
# Visual Studio Version 16
VisualStudioVersion = 16.0.29519.87
MinimumVisualStudioVersion = 10.0.40219.1
Project("{FAE04EC0-301F-11D3-BF4B-00C04F79EFBC}") = "Main", "Main\Main.csproj", "{12C47A5A-2907-450E-956F-D65C39DABAC9}"
EndProject
Global
	GlobalSection(SolutionConfigurationPlatforms) = preSolution
		Debug|Any CPU = Debug|Any CPU
		Release|Any CPU = Release|Any CPU
	EndGlobalSection
	GlobalSection(ProjectConfigurationPlatforms) = postSolution
		{12C47A5A-2907-450E-956F-D65C39DABAC9}.Debug|Any CPU.ActiveCfg = Debug|Any CPU
		{12C47A5A-2907-450E-956F-D65C39DABAC9}.Debug|Any CPU.Build.0 = Debug|Any CPU
		{12C47A5A-2907-450E-956F-D65C39DABAC9}.Release|Any CPU.ActiveCfg = Release|Any CPU
		{12C47A5A-2907-450E-956F-D65C39DABAC9}.Release|Any CPU.Build.0 = Release|Any CPU
	EndGlobalSection
	GlobalSection(SolutionProperties) = preSolution
		HideSolutionNode = FALSE
	EndGlobalSection
	GlobalSection(ExtensibilityGlobals) = postSolution
		SolutionGuid = {50C5D96B-C9AF-4BC4-A2D8-82AEB2944901}
	EndGlobalSection
EndGlobal
